
Microsoft Visual Studio Solution File, Format Version 12.00
# Visual Studio Version 17
VisualStudioVersion = 17.14.36414.22 d17.14
MinimumVisualStudioVersion = 10.0.40219.1
Project("{8BC9CEB8-8B4A-11D0-8D11-00A0C91BC942}") = "helloworld3", "helloworld3.vcxproj", "{51C4E824-5711-48E9-BD86-D827A48B6149}"
EndProject
Global
	GlobalSection(SolutionConfigurationPlatforms) = preSolution
		Debug|x64 = Debug|x64
		Debug|x86 = Debug|x86
		Release|x64 = Release|x64
		Release|x86 = Release|x86
	EndGlobalSection
	GlobalSection(ProjectConfigurationPlatforms) = postSolution
		{51C4E824-5711-48E9-BD86-D827A48B6149}.Debug|x64.ActiveCfg = Debug|x64
		{51C4E824-5711-48E9-BD86-D827A48B6149}.Debug|x64.Build.0 = Debug|x64
		{51C4E824-5711-48E9-BD86-D827A48B6149}.Debug|x86.ActiveCfg = Debug|Win32
		{51C4E824-5711-48E9-BD86-D827A48B6149}.Debug|x86.Build.0 = Debug|Win32
		{51C4E824-5711-48E9-BD86-D827A48B6149}.Release|x64.ActiveCfg = Release|x64
		{51C4E824-5711-48E9-BD86-D827A48B6149}.Release|x64.Build.0 = Release|x64
		{51C4E824-5711-48E9-BD86-D827A48B6149}.Release|x86.ActiveCfg = Release|Win32
		{51C4E824-5711-48E9-BD86-D827A48B6149}.Release|x86.Build.0 = Release|Win32
	EndGlobalSection
	GlobalSection(SolutionProperties) = preSolution
		HideSolutionNode = FALSE
	EndGlobalSection
	GlobalSection(ExtensibilityGlobals) = postSolution
		SolutionGuid = {8F8CE8FA-B42E-474F-8C6E-618243105F43}
	EndGlobalSection
EndGlobal
